
Microsoft Visual Studio Solution File, Format Version 12.00
# Visual Studio Version 17
VisualStudioVersion = 17.13.35919.96 d17.13
MinimumVisualStudioVersion = 10.0.40219.1
Project("{54A90642-561A-4BB1-A94E-469ADEE60C69}") = "dols-compulsory-2.client", "dols-compulsory-2.client\dols-compulsory-2.client.esproj", "{89C5D707-5A85-47C2-521E-98FB2C4FDEFE}"
EndProject
Project("{FAE04EC0-301F-11D3-BF4B-00C04F79EFBC}") = "DOLS-Compulsory-2.Server", "DOLS-Compulsory-2.Server\DOLS-Compulsory-2.Server.csproj", "{B2DEA43E-705B-4495-8E4C-D1E9A033A833}"
EndProject
Global
	GlobalSection(SolutionConfigurationPlatforms) = preSolution
		Debug|Any CPU = Debug|Any CPU
		Release|Any CPU = Release|Any CPU
	EndGlobalSection
	GlobalSection(ProjectConfigurationPlatforms) = postSolution
		{89C5D707-5A85-47C2-521E-98FB2C4FDEFE}.Debug|Any CPU.ActiveCfg = Debug|Any CPU
		{89C5D707-5A85-47C2-521E-98FB2C4FDEFE}.Debug|Any CPU.Build.0 = Debug|Any CPU
		{89C5D707-5A85-47C2-521E-98FB2C4FDEFE}.Debug|Any CPU.Deploy.0 = Debug|Any CPU
		{89C5D707-5A85-47C2-521E-98FB2C4FDEFE}.Release|Any CPU.ActiveCfg = Release|Any CPU
		{89C5D707-5A85-47C2-521E-98FB2C4FDEFE}.Release|Any CPU.Build.0 = Release|Any CPU
		{89C5D707-5A85-47C2-521E-98FB2C4FDEFE}.Release|Any CPU.Deploy.0 = Release|Any CPU
		{B2DEA43E-705B-4495-8E4C-D1E9A033A833}.Debug|Any CPU.ActiveCfg = Debug|Any CPU
		{B2DEA43E-705B-4495-8E4C-D1E9A033A833}.Debug|Any CPU.Build.0 = Debug|Any CPU
		{B2DEA43E-705B-4495-8E4C-D1E9A033A833}.Release|Any CPU.ActiveCfg = Release|Any CPU
		{B2DEA43E-705B-4495-8E4C-D1E9A033A833}.Release|Any CPU.Build.0 = Release|Any CPU
	EndGlobalSection
	GlobalSection(SolutionProperties) = preSolution
		HideSolutionNode = FALSE
	EndGlobalSection
	GlobalSection(ExtensibilityGlobals) = postSolution
		SolutionGuid = {99A76AC4-D891-48A7-900C-866EC5CBEC0B}
	EndGlobalSection
EndGlobal
